
Microsoft Visual Studio Solution File, Format Version 12.00
# Visual Studio 15
VisualStudioVersion = 15.0.27130.2024
MinimumVisualStudioVersion = 10.0.40219.1
Project("{FAE04EC0-301F-11D3-BF4B-00C04F79EFBC}") = "AutoHotKey", "AutoHotKey\AutoHotKey.csproj", "{BBF27F8E-0F61-421D-8026-9C10CFC732D6}"
EndProject
Global
	GlobalSection(SolutionConfigurationPlatforms) = preSolution
		Debug|Any CPU = Debug|Any CPU
		Release|Any CPU = Release|Any CPU
	EndGlobalSection
	GlobalSection(ProjectConfigurationPlatforms) = postSolution
		{BBF27F8E-0F61-421D-8026-9C10CFC732D6}.Debug|Any CPU.ActiveCfg = Debug|Any CPU
		{BBF27F8E-0F61-421D-8026-9C10CFC732D6}.Debug|Any CPU.Build.0 = Debug|Any CPU
		{BBF27F8E-0F61-421D-8026-9C10CFC732D6}.Release|Any CPU.ActiveCfg = Release|Any CPU
		{BBF27F8E-0F61-421D-8026-9C10CFC732D6}.Release|Any CPU.Build.0 = Release|Any CPU
	EndGlobalSection
	GlobalSection(SolutionProperties) = preSolution
		HideSolutionNode = FALSE
	EndGlobalSection
	GlobalSection(ExtensibilityGlobals) = postSolution
		SolutionGuid = {3D470525-D876-4838-BC9C-172D0BBBA480}
	EndGlobalSection
EndGlobal
